{
  "object": {
    "pins": [
      {
        "package": "EasyNetworking",
        "repositoryURL": "https://github.com/tamasdancsi/ios-easy-networking",
        "state": {
          "branch": null,
          "revision": "20acbbfc811c5a128fbb19b7689d9ad8e2ba360b",
          "version": "1.0.1"
        }
      },
      {
        "package": "Kingfisher",
        "repositoryURL": "https://github.com/onevcat/Kingfisher.git",
        "state": {
          "branch": null,
          "revision": "2a10bf41da75599a9f8e872dbd44fe0155a2e00c",
          "version": "5.15.8"
        }
      },
      {
        "package": "ViewInspector",
        "repositoryURL": "https://github.com/nalexn/ViewInspector",
        "state": {
          "branch": null,
          "revision": "ef7874a423f3610a4ce4e396d9a61494f5e96b56",
          "version": "0.6.0"
        }
      }
    ]
  },
  "version": 1
}
